
Microsoft Visual Studio Solution File, Format Version 12.00
# Visual Studio Version 17
VisualStudioVersion = 17.5.33424.131
MinimumVisualStudioVersion = 10.0.40219.1
Project("{FAE04EC0-301F-11D3-BF4B-00C04F79EFBC}") = "Project_Do_an_4", "Project_Do_an_4\Project_Do_an_4.csproj", "{1A1B07E4-ABE0-440D-B7EF-851D5184F82D}"
EndProject
Global
	GlobalSection(SolutionConfigurationPlatforms) = preSolution
		Debug|Any CPU = Debug|Any CPU
		Release|Any CPU = Release|Any CPU
	EndGlobalSection
	GlobalSection(ProjectConfigurationPlatforms) = postSolution
		{1A1B07E4-ABE0-440D-B7EF-851D5184F82D}.Debug|Any CPU.ActiveCfg = Debug|Any CPU
		{1A1B07E4-ABE0-440D-B7EF-851D5184F82D}.Debug|Any CPU.Build.0 = Debug|Any CPU
		{1A1B07E4-ABE0-440D-B7EF-851D5184F82D}.Release|Any CPU.ActiveCfg = Release|Any CPU
		{1A1B07E4-ABE0-440D-B7EF-851D5184F82D}.Release|Any CPU.Build.0 = Release|Any CPU
	EndGlobalSection
	GlobalSection(SolutionProperties) = preSolution
		HideSolutionNode = FALSE
	EndGlobalSection
	GlobalSection(ExtensibilityGlobals) = postSolution
		SolutionGuid = {58906EA0-1AEF-45B9-9CBF-9236E8EA3FD9}
	EndGlobalSection
EndGlobal
